
Microsoft Visual Studio Solution File, Format Version 12.00
# Visual Studio Version 16
VisualStudioVersion = 16.0.30413.136
MinimumVisualStudioVersion = 10.0.40219.1
Project("{FAE04EC0-301F-11D3-BF4B-00C04F79EFBC}") = "NumberGuessingGame", "NumberGuessingGame\NumberGuessingGame.csproj", "{01410651-AC24-44FA-9D59-F36FFADBDA33}"
EndProject
Global
	GlobalSection(SolutionConfigurationPlatforms) = preSolution
		Debug|Any CPU = Debug|Any CPU
		Release|Any CPU = Release|Any CPU
	EndGlobalSection
	GlobalSection(ProjectConfigurationPlatforms) = postSolution
		{01410651-AC24-44FA-9D59-F36FFADBDA33}.Debug|Any CPU.ActiveCfg = Debug|Any CPU
		{01410651-AC24-44FA-9D59-F36FFADBDA33}.Debug|Any CPU.Build.0 = Debug|Any CPU
		{01410651-AC24-44FA-9D59-F36FFADBDA33}.Release|Any CPU.ActiveCfg = Release|Any CPU
		{01410651-AC24-44FA-9D59-F36FFADBDA33}.Release|Any CPU.Build.0 = Release|Any CPU
	EndGlobalSection
	GlobalSection(SolutionProperties) = preSolution
		HideSolutionNode = FALSE
	EndGlobalSection
	GlobalSection(ExtensibilityGlobals) = postSolution
		SolutionGuid = {868E5F43-013A-4E8A-9426-9FF6318F34AD}
	EndGlobalSection
EndGlobal
